// !$*UTF8*$!
{
	archiveVersion = 1;
	classes = {
	};
	objectVersion = 56;
	objects = {

/* Begin PBXBuildFile section */
		AB07CD412B679C4F00D0410E /* TestView.swift in Sources */ = {isa = PBXBuildFile; fileRef = AB07CD402B679C4F00D0410E /* TestView.swift */; };
		AB07CD432B684B9D00D0410E /* Coach.swift in Sources */ = {isa = PBXBuildFile; fileRef = AB07CD422B684B9D00D0410E /* Coach.swift */; };
		AB54194E2B642BCA00152FFD /* DemoTrainApp.swift in Sources */ = {isa = PBXBuildFile; fileRef = AB54194D2B642BCA00152FFD /* DemoTrainApp.swift */; };
		AB5419502B642BCA00152FFD /* ContentView.swift in Sources */ = {isa = PBXBuildFile; fileRef = AB54194F2B642BCA00152FFD /* ContentView.swift */; };
		AB5419522B642BCC00152FFD /* Assets.xcassets in Resources */ = {isa = PBXBuildFile; fileRef = AB5419512B642BCC00152FFD /* Assets.xcassets */; };
		AB5419552B642BCC00152FFD /* Preview Assets.xcassets in Resources */ = {isa = PBXBuildFile; fileRef = AB5419542B642BCC00152FFD /* Preview Assets.xcassets */; };
		AB54195F2B642BCC00152FFD /* DemoTrainTests.swift in Sources */ = {isa = PBXBuildFile; fileRef = AB54195E2B642BCC00152FFD /* DemoTrainTests.swift */; };
		AB5419692B642BCC00152FFD /* DemoTrainUITests.swift in Sources */ = {isa = PBXBuildFile; fileRef = AB5419682B642BCC00152FFD /* DemoTrainUITests.swift */; };
		AB54196B2B642BCC00152FFD /* DemoTrainUITestsLaunchTests.swift in Sources */ = {isa = PBXBuildFile; fileRef = AB54196A2B642BCC00152FFD /* DemoTrainUITestsLaunchTests.swift */; };
		AB54198F2B642CA700152FFD /* HomeView.swift in Sources */ = {isa = PBXBuildFile; fileRef = AB5419872B642CA700152FFD /* HomeView.swift */; };
		AB5419902B642CA700152FFD /* DataHandler.swift in Sources */ = {isa = PBXBuildFile; fileRef = AB5419882B642CA700152FFD /* DataHandler.swift */; };
		AB5419912B642CA700152FFD /* TrainView.swift in Sources */ = {isa = PBXBuildFile; fileRef = AB5419892B642CA700152FFD /* TrainView.swift */; };
		AB5419922B642CA700152FFD /* Model.swift in Sources */ = {isa = PBXBuildFile; fileRef = AB54198A2B642CA700152FFD /* Model.swift */; };
		AB5419932B642CA700152FFD /* CarriageService.swift in Sources */ = {isa = PBXBuildFile; fileRef = AB54198B2B642CA700152FFD /* CarriageService.swift */; };
		AB5419942B642CA700152FFD /* TrainService.swift in Sources */ = {isa = PBXBuildFile; fileRef = AB54198C2B642CA700152FFD /* TrainService.swift */; };
		AB5419952B642CA700152FFD /* data.json in Resources */ = {isa = PBXBuildFile; fileRef = AB54198D2B642CA700152FFD /* data.json */; };
		AB5419962B642CA700152FFD /* CarriageRow.swift in Sources */ = {isa = PBXBuildFile; fileRef = AB54198E2B642CA700152FFD /* CarriageRow.swift */; };
		AB54199B2B642CC100152FFD /* HomeViewModelTest.swift in Sources */ = {isa = PBXBuildFile; fileRef = AB5419972B642CC100152FFD /* HomeViewModelTest.swift */; };
		AB54199C2B642CC100152FFD /* MockTrainService.swift in Sources */ = {isa = PBXBuildFile; fileRef = AB5419982B642CC100152FFD /* MockTrainService.swift */; };
		AB54199D2B642CC100152FFD /* TrainTests.swift in Sources */ = {isa = PBXBuildFile; fileRef = AB5419992B642CC100152FFD /* TrainTests.swift */; };
		AB54199E2B642CC100152FFD /* MockCarriageService.swift in Sources */ = {isa = PBXBuildFile; fileRef = AB54199A2B642CC100152FFD /* MockCarriageService.swift */; };
		AB5419A02B642D4C00152FFD /* HomeViewModel.swift in Sources */ = {isa = PBXBuildFile; fileRef = AB54199F2B642D4C00152FFD /* HomeViewModel.swift */; };
		AB5419A22B64312900152FFD /* TrainRow.swift in Sources */ = {isa = PBXBuildFile; fileRef = AB5419A12B64312900152FFD /* TrainRow.swift */; };
		AB5419A62B6434AB00152FFD /* TrainViewModel.swift in Sources */ = {isa = PBXBuildFile; fileRef = AB5419A52B6434AB00152FFD /* TrainViewModel.swift */; };
		AB5419B22B64656B00152FFD /* DatabaseHandler.swift in Sources */ = {isa = PBXBuildFile; fileRef = AB5419B12B64656B00152FFD /* DatabaseHandler.swift */; };
		AB5939942B66535C00FDA98B /* Persistence.swift in Sources */ = {isa = PBXBuildFile; fileRef = AB5939932B66535C00FDA98B /* Persistence.swift */; };
		AB59399A2B6655CA00FDA98B /* ModelTrain.xcdatamodeld in Sources */ = {isa = PBXBuildFile; fileRef = AB5939982B6655CA00FDA98B /* ModelTrain.xcdatamodeld */; };
		AB5939BF2B66796700FDA98B /* TrainDataModel+CoreDataClass.swift in Sources */ = {isa = PBXBuildFile; fileRef = AB5939BB2B66796700FDA98B /* TrainDataModel+CoreDataClass.swift */; };
		AB5939C02B66796700FDA98B /* TrainDataModel+CoreDataProperties.swift in Sources */ = {isa = PBXBuildFile; fileRef = AB5939BC2B66796700FDA98B /* TrainDataModel+CoreDataProperties.swift */; };
		AB5939C12B66796700FDA98B /* CarriageDataModel+CoreDataClass.swift in Sources */ = {isa = PBXBuildFile; fileRef = AB5939BD2B66796700FDA98B /* CarriageDataModel+CoreDataClass.swift */; };
		AB5939C22B66796700FDA98B /* CarriageDataModel+CoreDataProperties.swift in Sources */ = {isa = PBXBuildFile; fileRef = AB5939BE2B66796700FDA98B /* CarriageDataModel+CoreDataProperties.swift */; };
		AB5939C42B66B65D00FDA98B /* Helper.swift in Sources */ = {isa = PBXBuildFile; fileRef = AB5939C32B66B65D00FDA98B /* Helper.swift */; };
		AB5939C62B66B99B00FDA98B /* HelperUI.swift in Sources */ = {isa = PBXBuildFile; fileRef = AB5939C52B66B99B00FDA98B /* HelperUI.swift */; };
		AB5939C82B66C9BA00FDA98B /* myTrain.json in Resources */ = {isa = PBXBuildFile; fileRef = AB5939C72B66C9BA00FDA98B /* myTrain.json */; };
		AB5E597D2B64FDDD0082F4C9 /* StructureView.swift in Sources */ = {isa = PBXBuildFile; fileRef = AB5E597C2B64FDDD0082F4C9 /* StructureView.swift */; };
		AB5E597F2B6548340082F4C9 /* test.json in Resources */ = {isa = PBXBuildFile; fileRef = AB5E597E2B6548340082F4C9 /* test.json */; };
/* End PBXBuildFile section */

/* Begin PBXContainerItemProxy section */
		AB54195B2B642BCC00152FFD /* PBXContainerItemProxy */ = {
			isa = PBXContainerItemProxy;
			containerPortal = AB5419422B642BCA00152FFD /* Project object */;
			proxyType = 1;
			remoteGlobalIDString = AB5419492B642BCA00152FFD;
			remoteInfo = DemoTrain;
		};
		AB5419652B642BCC00152FFD /* PBXContainerItemProxy */ = {
			isa = PBXContainerItemProxy;
			containerPortal = AB5419422B642BCA00152FFD /* Project object */;
			proxyType = 1;
			remoteGlobalIDString = AB5419492B642BCA00152FFD;
			remoteInfo = DemoTrain;
		};
/* End PBXContainerItemProxy section */

/* Begin PBXFileReference section */
		AB07CD402B679C4F00D0410E /* TestView.swift */ = {isa = PBXFileReference; lastKnownFileType = sourcecode.swift; path = TestView.swift; sourceTree = "<group>"; };
		AB07CD422B684B9D00D0410E /* Coach.swift */ = {isa = PBXFileReference; lastKnownFileType = sourcecode.swift; path = Coach.swift; sourceTree = "<group>"; };
		AB54194A2B642BCA00152FFD /* DemoTrain.app */ = {isa = PBXFileReference; explicitFileType = wrapper.application; includeInIndex = 0; path = DemoTrain.app; sourceTree = BUILT_PRODUCTS_DIR; };
		AB54194D2B642BCA00152FFD /* DemoTrainApp.swift */ = {isa = PBXFileReference; lastKnownFileType = sourcecode.swift; path = DemoTrainApp.swift; sourceTree = "<group>"; };
		AB54194F2B642BCA00152FFD /* ContentView.swift */ = {isa = PBXFileReference; lastKnownFileType = sourcecode.swift; path = ContentView.swift; sourceTree = "<group>"; };
		AB5419512B642BCC00152FFD /* Assets.xcassets */ = {isa = PBXFileReference; lastKnownFileType = folder.assetcatalog; path = Assets.xcassets; sourceTree = "<group>"; };
		AB5419542B642BCC00152FFD /* Preview Assets.xcassets */ = {isa = PBXFileReference; lastKnownFileType = folder.assetcatalog; path = "Preview Assets.xcassets"; sourceTree = "<group>"; };
		AB54195A2B642BCC00152FFD /* DemoTrainTests.xctest */ = {isa = PBXFileReference; explicitFileType = wrapper.cfbundle; includeInIndex = 0; path = DemoTrainTests.xctest; sourceTree = BUILT_PRODUCTS_DIR; };
		AB54195E2B642BCC00152FFD /* DemoTrainTests.swift */ = {isa = PBXFileReference; lastKnownFileType = sourcecode.swift; path = DemoTrainTests.swift; sourceTree = "<group>"; };
		AB5419642B642BCC00152FFD /* DemoTrainUITests.xctest */ = {isa = PBXFileReference; explicitFileType = wrapper.cfbundle; includeInIndex = 0; path = DemoTrainUITests.xctest; sourceTree = BUILT_PRODUCTS_DIR; };
		AB5419682B642BCC00152FFD /* DemoTrainUITests.swift */ = {isa = PBXFileReference; lastKnownFileType = sourcecode.swift; path = DemoTrainUITests.swift; sourceTree = "<group>"; };
		AB54196A2B642BCC00152FFD /* DemoTrainUITestsLaunchTests.swift */ = {isa = PBXFileReference; lastKnownFileType = sourcecode.swift; path = DemoTrainUITestsLaunchTests.swift; sourceTree = "<group>"; };
		AB5419872B642CA700152FFD /* HomeView.swift */ = {isa = PBXFileReference; fileEncoding = 4; lastKnownFileType = sourcecode.swift; path = HomeView.swift; sourceTree = "<group>"; };
		AB5419882B642CA700152FFD /* DataHandler.swift */ = {isa = PBXFileReference; fileEncoding = 4; lastKnownFileType = sourcecode.swift; path = DataHandler.swift; sourceTree = "<group>"; };
		AB5419892B642CA700152FFD /* TrainView.swift */ = {isa = PBXFileReference; fileEncoding = 4; lastKnownFileType = sourcecode.swift; path = TrainView.swift; sourceTree = "<group>"; };
		AB54198A2B642CA700152FFD /* Model.swift */ = {isa = PBXFileReference; fileEncoding = 4; lastKnownFileType = sourcecode.swift; path = Model.swift; sourceTree = "<group>"; };
		AB54198B2B642CA700152FFD /* CarriageService.swift */ = {isa = PBXFileReference; fileEncoding = 4; lastKnownFileType = sourcecode.swift; path = CarriageService.swift; sourceTree = "<group>"; };
		AB54198C2B642CA700152FFD /* TrainService.swift */ = {isa = PBXFileReference; fileEncoding = 4; lastKnownFileType = sourcecode.swift; path = TrainService.swift; sourceTree = "<group>"; };
		AB54198D2B642CA700152FFD /* data.json */ = {isa = PBXFileReference; fileEncoding = 4; lastKnownFileType = text.json; path = data.json; sourceTree = "<group>"; };
		AB54198E2B642CA700152FFD /* CarriageRow.swift */ = {isa = PBXFileReference; fileEncoding = 4; lastKnownFileType = sourcecode.swift; path = CarriageRow.swift; sourceTree = "<group>"; };
		AB5419972B642CC100152FFD /* HomeViewModelTest.swift */ = {isa = PBXFileReference; fileEncoding = 4; lastKnownFileType = sourcecode.swift; path = HomeViewModelTest.swift; sourceTree = "<group>"; };
		AB5419982B642CC100152FFD /* MockTrainService.swift */ = {isa = PBXFileReference; fileEncoding = 4; lastKnownFileType = sourcecode.swift; path = MockTrainService.swift; sourceTree = "<group>"; };
		AB5419992B642CC100152FFD /* TrainTests.swift */ = {isa = PBXFileReference; fileEncoding = 4; lastKnownFileType = sourcecode.swift; path = TrainTests.swift; sourceTree = "<group>"; };
		AB54199A2B642CC100152FFD /* MockCarriageService.swift */ = {isa = PBXFileReference; fileEncoding = 4; lastKnownFileType = sourcecode.swift; path = MockCarriageService.swift; sourceTree = "<group>"; };
		AB54199F2B642D4C00152FFD /* HomeViewModel.swift */ = {isa = PBXFileReference; fileEncoding = 4; lastKnownFileType = sourcecode.swift; path = HomeViewModel.swift; sourceTree = "<group>"; };
		AB5419A12B64312900152FFD /* TrainRow.swift */ = {isa = PBXFileReference; lastKnownFileType = sourcecode.swift; path = TrainRow.swift; sourceTree = "<group>"; };
		AB5419A52B6434AB00152FFD /* TrainViewModel.swift */ = {isa = PBXFileReference; lastKnownFileType = sourcecode.swift; path = TrainViewModel.swift; sourceTree = "<group>"; };
		AB5419B12B64656B00152FFD /* DatabaseHandler.swift */ = {isa = PBXFileReference; lastKnownFileType = sourcecode.swift; path = DatabaseHandler.swift; sourceTree = "<group>"; };
		AB5939932B66535C00FDA98B /* Persistence.swift */ = {isa = PBXFileReference; fileEncoding = 4; lastKnownFileType = sourcecode.swift; path = Persistence.swift; sourceTree = "<group>"; };
		AB5939992B6655CA00FDA98B /* ModelTrain.xcdatamodel */ = {isa = PBXFileReference; lastKnownFileType = wrapper.xcdatamodel; path = ModelTrain.xcdatamodel; sourceTree = "<group>"; };
		AB5939BB2B66796700FDA98B /* TrainDataModel+CoreDataClass.swift */ = {isa = PBXFileReference; lastKnownFileType = sourcecode.swift; path = "TrainDataModel+CoreDataClass.swift"; sourceTree = "<group>"; };
		AB5939BC2B66796700FDA98B /* TrainDataModel+CoreDataProperties.swift */ = {isa = PBXFileReference; lastKnownFileType = sourcecode.swift; path = "TrainDataModel+CoreDataProperties.swift"; sourceTree = "<group>"; };
		AB5939BD2B66796700FDA98B /* CarriageDataModel+CoreDataClass.swift */ = {isa = PBXFileReference; lastKnownFileType = sourcecode.swift; path = "CarriageDataModel+CoreDataClass.swift"; sourceTree = "<group>"; };
		AB5939BE2B66796700FDA98B /* CarriageDataModel+CoreDataProperties.swift */ = {isa = PBXFileReference; lastKnownFileType = sourcecode.swift; path = "CarriageDataModel+CoreDataProperties.swift"; sourceTree = "<group>"; };
		AB5939C32B66B65D00FDA98B /* Helper.swift */ = {isa = PBXFileReference; lastKnownFileType = sourcecode.swift; path = Helper.swift; sourceTree = "<group>"; };
		AB5939C52B66B99B00FDA98B /* HelperUI.swift */ = {isa = PBXFileReference; lastKnownFileType = sourcecode.swift; path = HelperUI.swift; sourceTree = "<group>"; };
		AB5939C72B66C9BA00FDA98B /* myTrain.json */ = {isa = PBXFileReference; fileEncoding = 4; lastKnownFileType = text.json; name = myTrain.json; path = DemoTrain/Models/myTrain.json; sourceTree = SOURCE_ROOT; };
		AB5E597C2B64FDDD0082F4C9 /* StructureView.swift */ = {isa = PBXFileReference; fileEncoding = 4; lastKnownFileType = sourcecode.swift; path = StructureView.swift; sourceTree = "<group>"; };
		AB5E597E2B6548340082F4C9 /* test.json */ = {isa = PBXFileReference; lastKnownFileType = text.json; path = test.json; sourceTree = "<group>"; };
/* End PBXFileReference section */

/* Begin PBXFrameworksBuildPhase section */
		AB5419472B642BCA00152FFD /* Frameworks */ = {
			isa = PBXFrameworksBuildPhase;
			buildActionMask = 2147483647;
			files = (
			);
			runOnlyForDeploymentPostprocessing = 0;
		};
		AB5419572B642BCC00152FFD /* Frameworks */ = {
			isa = PBXFrameworksBuildPhase;
			buildActionMask = 2147483647;
			files = (
			);
			runOnlyForDeploymentPostprocessing = 0;
		};
		AB5419612B642BCC00152FFD /* Frameworks */ = {
			isa = PBXFrameworksBuildPhase;
			buildActionMask = 2147483647;
			files = (
			);
			runOnlyForDeploymentPostprocessing = 0;
		};
/* End PBXFrameworksBuildPhase section */

/* Begin PBXGroup section */
		AB5419412B642BCA00152FFD = {
			isa = PBXGroup;
			children = (
				AB5939BB2B66796700FDA98B /* TrainDataModel+CoreDataClass.swift */,
				AB5939BC2B66796700FDA98B /* TrainDataModel+CoreDataProperties.swift */,
				AB5939BD2B66796700FDA98B /* CarriageDataModel+CoreDataClass.swift */,
				AB5939BE2B66796700FDA98B /* CarriageDataModel+CoreDataProperties.swift */,
				AB54194C2B642BCA00152FFD /* DemoTrain */,
				AB54195D2B642BCC00152FFD /* DemoTrainTests */,
				AB5419672B642BCC00152FFD /* DemoTrainUITests */,
				AB54194B2B642BCA00152FFD /* Products */,
			);
			sourceTree = "<group>";
		};
		AB54194B2B642BCA00152FFD /* Products */ = {
			isa = PBXGroup;
			children = (
				AB54194A2B642BCA00152FFD /* DemoTrain.app */,
				AB54195A2B642BCC00152FFD /* DemoTrainTests.xctest */,
				AB5419642B642BCC00152FFD /* DemoTrainUITests.xctest */,
			);
			name = Products;
			sourceTree = "<group>";
		};
		AB54194C2B642BCA00152FFD /* DemoTrain */ = {
			isa = PBXGroup;
			children = (
				AB5939932B66535C00FDA98B /* Persistence.swift */,
				AB5419A82B6435A400152FFD /* ViewModel */,
				AB5419A92B6435C100152FFD /* Rows */,
				AB5E597A2B64FD4F0082F4C9 /* Services */,
				AB5E597B2B64FD6B0082F4C9 /* Models */,
				AB5419A72B64358F00152FFD /* Views */,
				AB54194D2B642BCA00152FFD /* DemoTrainApp.swift */,
				AB5419512B642BCC00152FFD /* Assets.xcassets */,
				AB5419532B642BCC00152FFD /* Preview Content */,
				AB5939982B6655CA00FDA98B /* ModelTrain.xcdatamodeld */,
				AB5939C32B66B65D00FDA98B /* Helper.swift */,
				AB5939C52B66B99B00FDA98B /* HelperUI.swift */,
			);
			path = DemoTrain;
			sourceTree = "<group>";
		};
		AB5419532B642BCC00152FFD /* Preview Content */ = {
			isa = PBXGroup;
			children = (
				AB5419542B642BCC00152FFD /* Preview Assets.xcassets */,
			);
			path = "Preview Content";
			sourceTree = "<group>";
		};
		AB54195D2B642BCC00152FFD /* DemoTrainTests */ = {
			isa = PBXGroup;
			children = (
				AB5939C72B66C9BA00FDA98B /* myTrain.json */,
				AB5419972B642CC100152FFD /* HomeViewModelTest.swift */,
				AB54199A2B642CC100152FFD /* MockCarriageService.swift */,
				AB5419982B642CC100152FFD /* MockTrainService.swift */,
				AB5419992B642CC100152FFD /* TrainTests.swift */,
				AB54195E2B642BCC00152FFD /* DemoTrainTests.swift */,
				AB5E597E2B6548340082F4C9 /* test.json */,
			);
			path = DemoTrainTests;
			sourceTree = "<group>";
		};
		AB5419672B642BCC00152FFD /* DemoTrainUITests */ = {
			isa = PBXGroup;
			children = (
				AB5419682B642BCC00152FFD /* DemoTrainUITests.swift */,
				AB54196A2B642BCC00152FFD /* DemoTrainUITestsLaunchTests.swift */,
			);
			path = DemoTrainUITests;
			sourceTree = "<group>";
		};
		AB5419A72B64358F00152FFD /* Views */ = {
			isa = PBXGroup;
			children = (
				AB5E597C2B64FDDD0082F4C9 /* StructureView.swift */,
				AB5419872B642CA700152FFD /* HomeView.swift */,
				AB5419892B642CA700152FFD /* TrainView.swift */,
				AB54194F2B642BCA00152FFD /* ContentView.swift */,
				AB07CD402B679C4F00D0410E /* TestView.swift */,
			);
			path = Views;
			sourceTree = "<group>";
		};
		AB5419A82B6435A400152FFD /* ViewModel */ = {
			isa = PBXGroup;
			children = (
				AB54199F2B642D4C00152FFD /* HomeViewModel.swift */,
				AB5419A52B6434AB00152FFD /* TrainViewModel.swift */,
			);
			path = ViewModel;
			sourceTree = "<group>";
		};
		AB5419A92B6435C100152FFD /* Rows */ = {
			isa = PBXGroup;
			children = (
				AB54198E2B642CA700152FFD /* CarriageRow.swift */,
				AB5419A12B64312900152FFD /* TrainRow.swift */,
				AB07CD422B684B9D00D0410E /* Coach.swift */,
			);
			path = Rows;
			sourceTree = "<group>";
		};
		AB5E597A2B64FD4F0082F4C9 /* Services */ = {
			isa = PBXGroup;
			children = (
				AB54198B2B642CA700152FFD /* CarriageService.swift */,
				AB5419882B642CA700152FFD /* DataHandler.swift */,
				AB5419B12B64656B00152FFD /* DatabaseHandler.swift */,
				AB54198C2B642CA700152FFD /* TrainService.swift */,
			);
			path = Services;
			sourceTree = "<group>";
		};
		AB5E597B2B64FD6B0082F4C9 /* Models */ = {
			isa = PBXGroup;
			children = (
				AB54198D2B642CA700152FFD /* data.json */,
				AB54198A2B642CA700152FFD /* Model.swift */,
			);
			path = Models;
			sourceTree = "<group>";
		};
/* End PBXGroup section */

/* Begin PBXNativeTarget section */
		AB5419492B642BCA00152FFD /* DemoTrain */ = {
			isa = PBXNativeTarget;
			buildConfigurationList = AB54196E2B642BCC00152FFD /* Build configuration list for PBXNativeTarget "DemoTrain" */;
			buildPhases = (
				AB5419462B642BCA00152FFD /* Sources */,
				AB5419472B642BCA00152FFD /* Frameworks */,
				AB5419482B642BCA00152FFD /* Resources */,
			);
			buildRules = (
			);
			dependencies = (
			);
			name = DemoTrain;
			packageProductDependencies = (
			);
			productName = DemoTrain;
			productReference = AB54194A2B642BCA00152FFD /* DemoTrain.app */;
			productType = "com.apple.product-type.application";
		};
		AB5419592B642BCC00152FFD /* DemoTrainTests */ = {
			isa = PBXNativeTarget;
			buildConfigurationList = AB5419712B642BCC00152FFD /* Build configuration list for PBXNativeTarget "DemoTrainTests" */;
			buildPhases = (
				AB5419562B642BCC00152FFD /* Sources */,
				AB5419572B642BCC00152FFD /* Frameworks */,
				AB5419582B642BCC00152FFD /* Resources */,
			);
			buildRules = (
			);
			dependencies = (
				AB54195C2B642BCC00152FFD /* PBXTargetDependency */,
			);
			name = DemoTrainTests;
			productName = DemoTrainTests;
			productReference = AB54195A2B642BCC00152FFD /* DemoTrainTests.xctest */;
			productType = "com.apple.product-type.bundle.unit-test";
		};
		AB5419632B642BCC00152FFD /* DemoTrainUITests */ = {
			isa = PBXNativeTarget;
			buildConfigurationList = AB5419742B642BCC00152FFD /* Build configuration list for PBXNativeTarget "DemoTrainUITests" */;
			buildPhases = (
				AB5419602B642BCC00152FFD /* Sources */,
				AB5419612B642BCC00152FFD /* Frameworks */,
				AB5419622B642BCC00152FFD /* Resources */,
			);
			buildRules = (
			);
			dependencies = (
				AB5419662B642BCC00152FFD /* PBXTargetDependency */,
			);
			name = DemoTrainUITests;
			productName = DemoTrainUITests;
			productReference = AB5419642B642BCC00152FFD /* DemoTrainUITests.xctest */;
			productType = "com.apple.product-type.bundle.ui-testing";
		};
/* End PBXNativeTarget section */

/* Begin PBXProject section */
		AB5419422B642BCA00152FFD /* Project object */ = {
			isa = PBXProject;
			attributes = {
				BuildIndependentTargetsInParallel = 1;
				LastSwiftUpdateCheck = 1520;
				LastUpgradeCheck = 1520;
				TargetAttributes = {
					AB5419492B642BCA00152FFD = {
						CreatedOnToolsVersion = 15.2;
					};
					AB5419592B642BCC00152FFD = {
						CreatedOnToolsVersion = 15.2;
						TestTargetID = AB5419492B642BCA00152FFD;
					};
					AB5419632B642BCC00152FFD = {
						CreatedOnToolsVersion = 15.2;
						TestTargetID = AB5419492B642BCA00152FFD;
					};
				};
			};
			buildConfigurationList = AB5419452B642BCA00152FFD /* Build configuration list for PBXProject "DemoTrain" */;
			compatibilityVersion = "Xcode 14.0";
			developmentRegion = en;
			hasScannedForEncodings = 0;
			knownRegions = (
				en,
				Base,
			);
			mainGroup = AB5419412B642BCA00152FFD;
			packageReferences = (
			);
			productRefGroup = AB54194B2B642BCA00152FFD /* Products */;
			projectDirPath = "";
			projectRoot = "";
			targets = (
				AB5419492B642BCA00152FFD /* DemoTrain */,
				AB5419592B642BCC00152FFD /* DemoTrainTests */,
				AB5419632B642BCC00152FFD /* DemoTrainUITests */,
			);
		};
/* End PBXProject section */

/* Begin PBXResourcesBuildPhase section */
		AB5419482B642BCA00152FFD /* Resources */ = {
			isa = PBXResourcesBuildPhase;
			buildActionMask = 2147483647;
			files = (
				AB5419552B642BCC00152FFD /* Preview Assets.xcassets in Resources */,
				AB5419952B642CA700152FFD /* data.json in Resources */,
				AB5419522B642BCC00152FFD /* Assets.xcassets in Resources */,
			);
			runOnlyForDeploymentPostprocessing = 0;
		};
		AB5419582B642BCC00152FFD /* Resources */ = {
			isa = PBXResourcesBuildPhase;
			buildActionMask = 2147483647;
			files = (
				AB5939C82B66C9BA00FDA98B /* myTrain.json in Resources */,
				AB5E597F2B6548340082F4C9 /* test.json in Resources */,
			);
			runOnlyForDeploymentPostprocessing = 0;
		};
		AB5419622B642BCC00152FFD /* Resources */ = {
			isa = PBXResourcesBuildPhase;
			buildActionMask = 2147483647;
			files = (
			);
			runOnlyForDeploymentPostprocessing = 0;
		};
/* End PBXResourcesBuildPhase section */

/* Begin PBXSourcesBuildPhase section */
		AB5419462B642BCA00152FFD /* Sources */ = {
			isa = PBXSourcesBuildPhase;
			buildActionMask = 2147483647;
			files = (
				AB5419912B642CA700152FFD /* TrainView.swift in Sources */,
				AB5419B22B64656B00152FFD /* DatabaseHandler.swift in Sources */,
				AB5E597D2B64FDDD0082F4C9 /* StructureView.swift in Sources */,
				AB5419902B642CA700152FFD /* DataHandler.swift in Sources */,
				AB07CD432B684B9D00D0410E /* Coach.swift in Sources */,
				AB5939C02B66796700FDA98B /* TrainDataModel+CoreDataProperties.swift in Sources */,
				AB5419A22B64312900152FFD /* TrainRow.swift in Sources */,
				AB5419962B642CA700152FFD /* CarriageRow.swift in Sources */,
				AB5419A02B642D4C00152FFD /* HomeViewModel.swift in Sources */,
				AB5939C42B66B65D00FDA98B /* Helper.swift in Sources */,
				AB5939BF2B66796700FDA98B /* TrainDataModel+CoreDataClass.swift in Sources */,
				AB5939C22B66796700FDA98B /* CarriageDataModel+CoreDataProperties.swift in Sources */,
				AB5939C62B66B99B00FDA98B /* HelperUI.swift in Sources */,
				AB54198F2B642CA700152FFD /* HomeView.swift in Sources */,
				AB5939C12B66796700FDA98B /* CarriageDataModel+CoreDataClass.swift in Sources */,
				AB5419922B642CA700152FFD /* Model.swift in Sources */,
				AB5939942B66535C00FDA98B /* Persistence.swift in Sources */,
				AB5419942B642CA700152FFD /* TrainService.swift in Sources */,
				AB5419A62B6434AB00152FFD /* TrainViewModel.swift in Sources */,
				AB5419502B642BCA00152FFD /* ContentView.swift in Sources */,
				AB07CD412B679C4F00D0410E /* TestView.swift in Sources */,
				AB5419932B642CA700152FFD /* CarriageService.swift in Sources */,
				AB59399A2B6655CA00FDA98B /* ModelTrain.xcdatamodeld in Sources */,
				AB54194E2B642BCA00152FFD /* DemoTrainApp.swift in Sources */,
			);
			runOnlyForDeploymentPostprocessing = 0;
		};
		AB5419562B642BCC00152FFD /* Sources */ = {
			isa = PBXSourcesBuildPhase;
			buildActionMask = 2147483647;
			files = (
				AB54199D2B642CC100152FFD /* TrainTests.swift in Sources */,
				AB54199C2B642CC100152FFD /* MockTrainService.swift in Sources */,
				AB54199E2B642CC100152FFD /* MockCarriageService.swift in Sources */,
				AB54195F2B642BCC00152FFD /* DemoTrainTests.swift in Sources */,
				AB54199B2B642CC100152FFD /* HomeViewModelTest.swift in Sources */,
			);
			runOnlyForDeploymentPostprocessing = 0;
		};
		AB5419602B642BCC00152FFD /* Sources */ = {
			isa = PBXSourcesBuildPhase;
			buildActionMask = 2147483647;
			files = (
				AB54196B2B642BCC00152FFD /* DemoTrainUITestsLaunchTests.swift in Sources */,
				AB5419692B642BCC00152FFD /* DemoTrainUITests.swift in Sources */,
			);
			runOnlyForDeploymentPostprocessing = 0;
		};
/* End PBXSourcesBuildPhase section */

/* Begin PBXTargetDependency section */
		AB54195C2B642BCC00152FFD /* PBXTargetDependency */ = {
			isa = PBXTargetDependency;
			target = AB5419492B642BCA00152FFD /* DemoTrain */;
			targetProxy = AB54195B2B642BCC00152FFD /* PBXContainerItemProxy */;
		};
		AB5419662B642BCC00152FFD /* PBXTargetDependency */ = {
			isa = PBXTargetDependency;
			target = AB5419492B642BCA00152FFD /* DemoTrain */;
			targetProxy = AB5419652B642BCC00152FFD /* PBXContainerItemProxy */;
		};
/* End PBXTargetDependency section */

/* Begin XCBuildConfiguration section */
		AB54196C2B642BCC00152FFD /* Debug */ = {
			isa = XCBuildConfiguration;
			buildSettings = {
				ALWAYS_SEARCH_USER_PATHS = NO;
				ASSETCATALOG_COMPILER_GENERATE_SWIFT_ASSET_SYMBOL_EXTENSIONS = YES;
				CLANG_ANALYZER_NONNULL = YES;
				CLANG_ANALYZER_NUMBER_OBJECT_CONVERSION = YES_AGGRESSIVE;
				CLANG_CXX_LANGUAGE_STANDARD = "gnu++20";
				CLANG_ENABLE_MODULES = YES;
				CLANG_ENABLE_OBJC_ARC = YES;
				CLANG_ENABLE_OBJC_WEAK = YES;
				CLANG_WARN_BLOCK_CAPTURE_AUTORELEASING = YES;
				CLANG_WARN_BOOL_CONVERSION = YES;
				CLANG_WARN_COMMA = YES;
				CLANG_WARN_CONSTANT_CONVERSION = YES;
				CLANG_WARN_DEPRECATED_OBJC_IMPLEMENTATIONS = YES;
				CLANG_WARN_DIRECT_OBJC_ISA_USAGE = YES_ERROR;
				CLANG_WARN_DOCUMENTATION_COMMENTS = YES;
				CLANG_WARN_EMPTY_BODY = YES;
				CLANG_WARN_ENUM_CONVERSION = YES;
				CLANG_WARN_INFINITE_RECURSION = YES;
				CLANG_WARN_INT_CONVERSION = YES;
				CLANG_WARN_NON_LITERAL_NULL_CONVERSION = YES;
				CLANG_WARN_OBJC_IMPLICIT_RETAIN_SELF = YES;
				CLANG_WARN_OBJC_LITERAL_CONVERSION = YES;
				CLANG_WARN_OBJC_ROOT_CLASS = YES_ERROR;
				CLANG_WARN_QUOTED_INCLUDE_IN_FRAMEWORK_HEADER = YES;
				CLANG_WARN_RANGE_LOOP_ANALYSIS = YES;
				CLANG_WARN_STRICT_PROTOTYPES = YES;
				CLANG_WARN_SUSPICIOUS_MOVE = YES;
				CLANG_WARN_UNGUARDED_AVAILABILITY = YES_AGGRESSIVE;
				CLANG_WARN_UNREACHABLE_CODE = YES;
				CLANG_WARN__DUPLICATE_METHOD_MATCH = YES;
				COPY_PHASE_STRIP = NO;
				DEBUG_INFORMATION_FORMAT = dwarf;
				ENABLE_STRICT_OBJC_MSGSEND = YES;
				ENABLE_TESTABILITY = YES;
				ENABLE_USER_SCRIPT_SANDBOXING = YES;
				GCC_C_LANGUAGE_STANDARD = gnu17;
				GCC_DYNAMIC_NO_PIC = NO;
				GCC_NO_COMMON_BLOCKS = YES;
				GCC_OPTIMIZATION_LEVEL = 0;
				GCC_PREPROCESSOR_DEFINITIONS = (
					"DEBUG=1",
					"$(inherited)",
				);
				GCC_WARN_64_TO_32_BIT_CONVERSION = YES;
				GCC_WARN_ABOUT_RETURN_TYPE = YES_ERROR;
				GCC_WARN_UNDECLARED_SELECTOR = YES;
				GCC_WARN_UNINITIALIZED_AUTOS = YES_AGGRESSIVE;
				GCC_WARN_UNUSED_FUNCTION = YES;
				GCC_WARN_UNUSED_VARIABLE = YES;
				IPHONEOS_DEPLOYMENT_TARGET = 17.2;
				LOCALIZATION_PREFERS_STRING_CATALOGS = YES;
				MTL_ENABLE_DEBUG_INFO = INCLUDE_SOURCE;
				MTL_FAST_MATH = YES;
				ONLY_ACTIVE_ARCH = YES;
				SDKROOT = iphoneos;
				SWIFT_ACTIVE_COMPILATION_CONDITIONS = "DEBUG $(inherited)";
				SWIFT_OPTIMIZATION_LEVEL = "-Onone";
			};
			name = Debug;
		};
		AB54196D2B642BCC00152FFD /* Release */ = {
			isa = XCBuildConfiguration;
			buildSettings = {
				ALWAYS_SEARCH_USER_PATHS = NO;
				ASSETCATALOG_COMPILER_GENERATE_SWIFT_ASSET_SYMBOL_EXTENSIONS = YES;
				CLANG_ANALYZER_NONNULL = YES;
				CLANG_ANALYZER_NUMBER_OBJECT_CONVERSION = YES_AGGRESSIVE;
				CLANG_CXX_LANGUAGE_STANDARD = "gnu++20";
				CLANG_ENABLE_MODULES = YES;
				CLANG_ENABLE_OBJC_ARC = YES;
				CLANG_ENABLE_OBJC_WEAK = YES;
				CLANG_WARN_BLOCK_CAPTURE_AUTORELEASING = YES;
				CLANG_WARN_BOOL_CONVERSION = YES;
				CLANG_WARN_COMMA = YES;
				CLANG_WARN_CONSTANT_CONVERSION = YES;
				CLANG_WARN_DEPRECATED_OBJC_IMPLEMENTATIONS = YES;
				CLANG_WARN_DIRECT_OBJC_ISA_USAGE = YES_ERROR;
				CLANG_WARN_DOCUMENTATION_COMMENTS = YES;
				CLANG_WARN_EMPTY_BODY = YES;
				CLANG_WARN_ENUM_CONVERSION = YES;
				CLANG_WARN_INFINITE_RECURSION = YES;
				CLANG_WARN_INT_CONVERSION = YES;
				CLANG_WARN_NON_LITERAL_NULL_CONVERSION = YES;
				CLANG_WARN_OBJC_IMPLICIT_RETAIN_SELF = YES;
				CLANG_WARN_OBJC_LITERAL_CONVERSION = YES;
				CLANG_WARN_OBJC_ROOT_CLASS = YES_ERROR;
				CLANG_WARN_QUOTED_INCLUDE_IN_FRAMEWORK_HEADER = YES;
				CLANG_WARN_RANGE_LOOP_ANALYSIS = YES;
				CLANG_WARN_STRICT_PROTOTYPES = YES;
				CLANG_WARN_SUSPICIOUS_MOVE = YES;
				CLANG_WARN_UNGUARDED_AVAILABILITY = YES_AGGRESSIVE;
				CLANG_WARN_UNREACHABLE_CODE = YES;
				CLANG_WARN__DUPLICATE_METHOD_MATCH = YES;
				COPY_PHASE_STRIP = NO;
				DEBUG_INFORMATION_FORMAT = "dwarf-with-dsym";
				ENABLE_NS_ASSERTIONS = NO;
				ENABLE_STRICT_OBJC_MSGSEND = YES;
				ENABLE_USER_SCRIPT_SANDBOXING = YES;
				GCC_C_LANGUAGE_STANDARD = gnu17;
				GCC_NO_COMMON_BLOCKS = YES;
				GCC_WARN_64_TO_32_BIT_CONVERSION = YES;
				GCC_WARN_ABOUT_RETURN_TYPE = YES_ERROR;
				GCC_WARN_UNDECLARED_SELECTOR = YES;
				GCC_WARN_UNINITIALIZED_AUTOS = YES_AGGRESSIVE;
				GCC_WARN_UNUSED_FUNCTION = YES;
				GCC_WARN_UNUSED_VARIABLE = YES;
				IPHONEOS_DEPLOYMENT_TARGET = 17.2;
				LOCALIZATION_PREFERS_STRING_CATALOGS = YES;
				MTL_ENABLE_DEBUG_INFO = NO;
				MTL_FAST_MATH = YES;
				SDKROOT = iphoneos;
				SWIFT_COMPILATION_MODE = wholemodule;
				VALIDATE_PRODUCT = YES;
			};
			name = Release;
		};
		AB54196F2B642BCC00152FFD /* Debug */ = {
			isa = XCBuildConfiguration;
			buildSettings = {
				ASSETCATALOG_COMPILER_APPICON_NAME = AppIcon;
				ASSETCATALOG_COMPILER_GLOBAL_ACCENT_COLOR_NAME = AccentColor;
				CODE_SIGN_STYLE = Automatic;
				CURRENT_PROJECT_VERSION = 1;
				DEVELOPMENT_ASSET_PATHS = "\"DemoTrain/Preview Content\"";
				ENABLE_PREVIEWS = YES;
				GENERATE_INFOPLIST_FILE = YES;
				INFOPLIST_KEY_UIApplicationSceneManifest_Generation = YES;
				INFOPLIST_KEY_UIApplicationSupportsIndirectInputEvents = YES;
				INFOPLIST_KEY_UILaunchScreen_Generation = YES;
				INFOPLIST_KEY_UISupportedInterfaceOrientations_iPad = "UIInterfaceOrientationPortrait UIInterfaceOrientationPortraitUpsideDown UIInterfaceOrientationLandscapeLeft UIInterfaceOrientationLandscapeRight";
				INFOPLIST_KEY_UISupportedInterfaceOrientations_iPhone = "UIInterfaceOrientationPortrait UIInterfaceOrientationLandscapeLeft UIInterfaceOrientationLandscapeRight";
				LD_RUNPATH_SEARCH_PATHS = (
					"$(inherited)",
					"@executable_path/Frameworks",
				);
				MARKETING_VERSION = 1.0;
				PRODUCT_BUNDLE_IDENTIFIER = com.demo.DemoTrain;
				PRODUCT_NAME = "$(TARGET_NAME)";
				SWIFT_EMIT_LOC_STRINGS = YES;
				SWIFT_REFLECTION_METADATA_LEVEL = all;
				SWIFT_VERSION = 5.0;
				TARGETED_DEVICE_FAMILY = "1,2";
			};
			name = Debug;
		};
		AB5419702B642BCC00152FFD /* Release */ = {
			isa = XCBuildConfiguration;
			buildSettings = {
				ASSETCATALOG_COMPILER_APPICON_NAME = AppIcon;
				ASSETCATALOG_COMPILER_GLOBAL_ACCENT_COLOR_NAME = AccentColor;
				CODE_SIGN_STYLE = Automatic;
				CURRENT_PROJECT_VERSION = 1;
				DEVELOPMENT_ASSET_PATHS = "\"DemoTrain/Preview Content\"";
				ENABLE_PREVIEWS = YES;
				GENERATE_INFOPLIST_FILE = YES;
				INFOPLIST_KEY_UIApplicationSceneManifest_Generation = YES;
				INFOPLIST_KEY_UIApplicationSupportsIndirectInputEvents = YES;
				INFOPLIST_KEY_UILaunchScreen_Generation = YES;
				INFOPLIST_KEY_UISupportedInterfaceOrientations_iPad = "UIInterfaceOrientationPortrait UIInterfaceOrientationPortraitUpsideDown UIInterfaceOrientationLandscapeLeft UIInterfaceOrientationLandscapeRight";
				INFOPLIST_KEY_UISupportedInterfaceOrientations_iPhone = "UIInterfaceOrientationPortrait UIInterfaceOrientationLandscapeLeft UIInterfaceOrientationLandscapeRight";
				LD_RUNPATH_SEARCH_PATHS = (
					"$(inherited)",
					"@executable_path/Frameworks",
				);
				MARKETING_VERSION = 1.0;
				PRODUCT_BUNDLE_IDENTIFIER = com.demo.DemoTrain;
				PRODUCT_NAME = "$(TARGET_NAME)";
				SWIFT_EMIT_LOC_STRINGS = YES;
				SWIFT_REFLECTION_METADATA_LEVEL = all;
				SWIFT_VERSION = 5.0;
				TARGETED_DEVICE_FAMILY = "1,2";
			};
			name = Release;
		};
		AB5419722B642BCC00152FFD /* Debug */ = {
			isa = XCBuildConfiguration;
			buildSettings = {
				ALWAYS_EMBED_SWIFT_STANDARD_LIBRARIES = YES;
				BUNDLE_LOADER = "$(TEST_HOST)";
				CODE_SIGN_STYLE = Automatic;
				CURRENT_PROJECT_VERSION = 1;
				GENERATE_INFOPLIST_FILE = YES;
				IPHONEOS_DEPLOYMENT_TARGET = 17.2;
				MARKETING_VERSION = 1.0;
				PRODUCT_BUNDLE_IDENTIFIER = com.demo.DemoTrainTests;
				PRODUCT_NAME = "$(TARGET_NAME)";
				SWIFT_EMIT_LOC_STRINGS = NO;
				SWIFT_VERSION = 5.0;
				TARGETED_DEVICE_FAMILY = "1,2";
				TEST_HOST = "$(BUILT_PRODUCTS_DIR)/DemoTrain.app/$(BUNDLE_EXECUTABLE_FOLDER_PATH)/DemoTrain";
			};
			name = Debug;
		};
		AB5419732B642BCC00152FFD /* Release */ = {
			isa = XCBuildConfiguration;
			buildSettings = {
				ALWAYS_EMBED_SWIFT_STANDARD_LIBRARIES = YES;
				BUNDLE_LOADER = "$(TEST_HOST)";
				CODE_SIGN_STYLE = Automatic;
				CURRENT_PROJECT_VERSION = 1;
				GENERATE_INFOPLIST_FILE = YES;
				IPHONEOS_DEPLOYMENT_TARGET = 17.2;
				MARKETING_VERSION = 1.0;
				PRODUCT_BUNDLE_IDENTIFIER = com.demo.DemoTrainTests;
				PRODUCT_NAME = "$(TARGET_NAME)";
				SWIFT_EMIT_LOC_STRINGS = NO;
				SWIFT_VERSION = 5.0;
				TARGETED_DEVICE_FAMILY = "1,2";
				TEST_HOST = "$(BUILT_PRODUCTS_DIR)/DemoTrain.app/$(BUNDLE_EXECUTABLE_FOLDER_PATH)/DemoTrain";
			};
			name = Release;
		};
		AB5419752B642BCC00152FFD /* Debug */ = {
			isa = XCBuildConfiguration;
			buildSettings = {
				ALWAYS_EMBED_SWIFT_STANDARD_LIBRARIES = YES;
				CODE_SIGN_STYLE = Automatic;
				CURRENT_PROJECT_VERSION = 1;
				GENERATE_INFOPLIST_FILE = YES;
				MARKETING_VERSION = 1.0;
				PRODUCT_BUNDLE_IDENTIFIER = com.demo.DemoTrainUITests;
				PRODUCT_NAME = "$(TARGET_NAME)";
				SWIFT_EMIT_LOC_STRINGS = NO;
				SWIFT_VERSION = 5.0;
				TARGETED_DEVICE_FAMILY = "1,2";
				TEST_TARGET_NAME = DemoTrain;
			};
			name = Debug;
		};
		AB5419762B642BCC00152FFD /* Release */ = {
			isa = XCBuildConfiguration;
			buildSettings = {
				ALWAYS_EMBED_SWIFT_STANDARD_LIBRARIES = YES;
				CODE_SIGN_STYLE = Automatic;
				CURRENT_PROJECT_VERSION = 1;
				GENERATE_INFOPLIST_FILE = YES;
				MARKETING_VERSION = 1.0;
				PRODUCT_BUNDLE_IDENTIFIER = com.demo.DemoTrainUITests;
				PRODUCT_NAME = "$(TARGET_NAME)";
				SWIFT_EMIT_LOC_STRINGS = NO;
				SWIFT_VERSION = 5.0;
				TARGETED_DEVICE_FAMILY = "1,2";
				TEST_TARGET_NAME = DemoTrain;
			};
			name = Release;
		};
/* End XCBuildConfiguration section */

/* Begin XCConfigurationList section */
		AB5419452B642BCA00152FFD /* Build configuration list for PBXProject "DemoTrain" */ = {
			isa = XCConfigurationList;
			buildConfigurations = (
				AB54196C2B642BCC00152FFD /* Debug */,
				AB54196D2B642BCC00152FFD /* Release */,
			);
			defaultConfigurationIsVisible = 0;
			defaultConfigurationName = Release;
		};
		AB54196E2B642BCC00152FFD /* Build configuration list for PBXNativeTarget "DemoTrain" */ = {
			isa = XCConfigurationList;
			buildConfigurations = (
				AB54196F2B642BCC00152FFD /* Debug */,
				AB5419702B642BCC00152FFD /* Release */,
			);
			defaultConfigurationIsVisible = 0;
			defaultConfigurationName = Release;
		};
		AB5419712B642BCC00152FFD /* Build configuration list for PBXNativeTarget "DemoTrainTests" */ = {
			isa = XCConfigurationList;
			buildConfigurations = (
				AB5419722B642BCC00152FFD /* Debug */,
				AB5419732B642BCC00152FFD /* Release */,
			);
			defaultConfigurationIsVisible = 0;
			defaultConfigurationName = Release;
		};
		AB5419742B642BCC00152FFD /* Build configuration list for PBXNativeTarget "DemoTrainUITests" */ = {
			isa = XCConfigurationList;
			buildConfigurations = (
				AB5419752B642BCC00152FFD /* Debug */,
				AB5419762B642BCC00152FFD /* Release */,
			);
			defaultConfigurationIsVisible = 0;
			defaultConfigurationName = Release;
		};
/* End XCConfigurationList section */

/* Begin XCVersionGroup section */
		AB5939982B6655CA00FDA98B /* ModelTrain.xcdatamodeld */ = {
			isa = XCVersionGroup;
			children = (
				AB5939992B6655CA00FDA98B /* ModelTrain.xcdatamodel */,
			);
			currentVersion = AB5939992B6655CA00FDA98B /* ModelTrain.xcdatamodel */;
			path = ModelTrain.xcdatamodeld;
			sourceTree = "<group>";
			versionGroupType = wrapper.xcdatamodel;
		};
/* End XCVersionGroup section */
	};
	rootObject = AB5419422B642BCA00152FFD /* Project object */;
}
